# THIS IS AN AUTOGENERATED FILE. DO NOT EDIT THIS FILE DIRECTLY.
# yarn lockfile v1


bootstrap-tagsinput@*:
  version "0.7.1"
  resolved "https://registry.yarnpkg.com/bootstrap-tagsinput/-/bootstrap-tagsinput-0.7.1.tgz#ffe3b06bbe2a106945ef2814568005a94f211937"

jquery-paginate@*:
  version "1.0.1"
  resolved "https://registry.yarnpkg.com/jquery-paginate/-/jquery-paginate-1.0.1.tgz#4ba6429e59f51be4859533e283772a28ac723e38"
  dependencies:
    jquery "~1.12.4"

jquery@~1.12.4:
  version "1.12.4"
  resolved "https://registry.yarnpkg.com/jquery/-/jquery-1.12.4.tgz#01e1dfba290fe73deba77ceeacb0f9ba2fec9e0c"
